Microsoft Visual Studio Solution File, Format Version 12.00
# Visual Studio Version 17
VisualStudioVersion = 17.5.2.0
MinimumVisualStudioVersion = 10.0.40219.1
Project("{FAE04EC0-301F-11D3-BF4B-00C04F79EFBC}") = "28_TaskParallelLibrary", "28_TaskParallelLibrary.csproj", "{7D6B351F-893B-85E5-4980-6DD64D8C70CA}"
EndProject
Global
	GlobalSection(SolutionConfigurationPlatforms) = preSolution
		Debug|Any CPU = Debug|Any CPU
		Release|Any CPU = Release|Any CPU
	EndGlobalSection
	GlobalSection(ProjectConfigurationPlatforms) = postSolution
		{7D6B351F-893B-85E5-4980-6DD64D8C70CA}.Debug|Any CPU.ActiveCfg = Debug|Any CPU
		{7D6B351F-893B-85E5-4980-6DD64D8C70CA}.Debug|Any CPU.Build.0 = Debug|Any CPU
		{7D6B351F-893B-85E5-4980-6DD64D8C70CA}.Release|Any CPU.ActiveCfg = Release|Any CPU
		{7D6B351F-893B-85E5-4980-6DD64D8C70CA}.Release|Any CPU.Build.0 = Release|Any CPU
	EndGlobalSection
	GlobalSection(SolutionProperties) = preSolution
		HideSolutionNode = FALSE
	EndGlobalSection
	GlobalSection(ExtensibilityGlobals) = postSolution
		SolutionGuid = {3220841D-F47E-4758-8C26-9239E070FD0D}
	EndGlobalSection
EndGlobal
