Microsoft Visual Studio Solution File, Format Version 12.00
# Visual Studio Version 17
VisualStudioVersion = 17.5.2.0
MinimumVisualStudioVersion = 10.0.40219.1
Project("{FAE04EC0-301F-11D3-BF4B-00C04F79EFBC}") = "27_Thread", "27_Thread.csproj", "{AE973D19-7B42-4F97-AFD5-2B73BCA47639}"
EndProject
Global
	GlobalSection(SolutionConfigurationPlatforms) = preSolution
		Debug|Any CPU = Debug|Any CPU
		Release|Any CPU = Release|Any CPU
	EndGlobalSection
	GlobalSection(ProjectConfigurationPlatforms) = postSolution
		{AE973D19-7B42-4F97-AFD5-2B73BCA47639}.Debug|Any CPU.ActiveCfg = Debug|Any CPU
		{AE973D19-7B42-4F97-AFD5-2B73BCA47639}.Debug|Any CPU.Build.0 = Debug|Any CPU
		{AE973D19-7B42-4F97-AFD5-2B73BCA47639}.Release|Any CPU.ActiveCfg = Release|Any CPU
		{AE973D19-7B42-4F97-AFD5-2B73BCA47639}.Release|Any CPU.Build.0 = Release|Any CPU
	EndGlobalSection
	GlobalSection(SolutionProperties) = preSolution
		HideSolutionNode = FALSE
	EndGlobalSection
	GlobalSection(ExtensibilityGlobals) = postSolution
		SolutionGuid = {D3FCDE61-0CC9-4476-B584-AB9920304636}
	EndGlobalSection
EndGlobal
