Microsoft Visual Studio Solution File, Format Version 12.00
# Visual Studio Version 17
VisualStudioVersion = 17.5.2.0
MinimumVisualStudioVersion = 10.0.40219.1
Project("{FAE04EC0-301F-11D3-BF4B-00C04F79EFBC}") = "22_Interface", "22_Interface.csproj", "{EE9DB5E3-A2A2-E572-9EAA-F5657429F1DB}"
EndProject
Global
	GlobalSection(SolutionConfigurationPlatforms) = preSolution
		Debug|Any CPU = Debug|Any CPU
		Release|Any CPU = Release|Any CPU
	EndGlobalSection
	GlobalSection(ProjectConfigurationPlatforms) = postSolution
		{EE9DB5E3-A2A2-E572-9EAA-F5657429F1DB}.Debug|Any CPU.ActiveCfg = Debug|Any CPU
		{EE9DB5E3-A2A2-E572-9EAA-F5657429F1DB}.Debug|Any CPU.Build.0 = Debug|Any CPU
		{EE9DB5E3-A2A2-E572-9EAA-F5657429F1DB}.Release|Any CPU.ActiveCfg = Release|Any CPU
		{EE9DB5E3-A2A2-E572-9EAA-F5657429F1DB}.Release|Any CPU.Build.0 = Release|Any CPU
	EndGlobalSection
	GlobalSection(SolutionProperties) = preSolution
		HideSolutionNode = FALSE
	EndGlobalSection
	GlobalSection(ExtensibilityGlobals) = postSolution
		SolutionGuid = {52B624B9-5FD3-43B5-878C-01C2B9572820}
	EndGlobalSection
EndGlobal
