Microsoft Visual Studio Solution File, Format Version 12.00
# Visual Studio Version 17
VisualStudioVersion = 17.5.2.0
MinimumVisualStudioVersion = 10.0.40219.1
Project("{FAE04EC0-301F-11D3-BF4B-00C04F79EFBC}") = "ExecuteScalar()", "ExecuteScalar().csproj", "{EEEDA55C-B026-AA41-11A5-36D8EDD54C04}"
EndProject
Global
	GlobalSection(SolutionConfigurationPlatforms) = preSolution
		Debug|Any CPU = Debug|Any CPU
		Release|Any CPU = Release|Any CPU
	EndGlobalSection
	GlobalSection(ProjectConfigurationPlatforms) = postSolution
		{EEEDA55C-B026-AA41-11A5-36D8EDD54C04}.Debug|Any CPU.ActiveCfg = Debug|Any CPU
		{EEEDA55C-B026-AA41-11A5-36D8EDD54C04}.Debug|Any CPU.Build.0 = Debug|Any CPU
		{EEEDA55C-B026-AA41-11A5-36D8EDD54C04}.Release|Any CPU.ActiveCfg = Release|Any CPU
		{EEEDA55C-B026-AA41-11A5-36D8EDD54C04}.Release|Any CPU.Build.0 = Release|Any CPU
	EndGlobalSection
	GlobalSection(SolutionProperties) = preSolution
		HideSolutionNode = FALSE
	EndGlobalSection
	GlobalSection(ExtensibilityGlobals) = postSolution
		SolutionGuid = {1B462F1A-FED0-473E-9CB5-14745BAD138B}
	EndGlobalSection
EndGlobal
