Microsoft Visual Studio Solution File, Format Version 12.00
# Visual Studio Version 17
VisualStudioVersion = 17.5.2.0
MinimumVisualStudioVersion = 10.0.40219.1
Project("{FAE04EC0-301F-11D3-BF4B-00C04F79EFBC}") = "School Management select", "School Management select.csproj", "{9F7341A1-41F2-EE4C-12DF-52A41B5BB06F}"
EndProject
Global
	GlobalSection(SolutionConfigurationPlatforms) = preSolution
		Debug|Any CPU = Debug|Any CPU
		Release|Any CPU = Release|Any CPU
	EndGlobalSection
	GlobalSection(ProjectConfigurationPlatforms) = postSolution
		{9F7341A1-41F2-EE4C-12DF-52A41B5BB06F}.Debug|Any CPU.ActiveCfg = Debug|Any CPU
		{9F7341A1-41F2-EE4C-12DF-52A41B5BB06F}.Debug|Any CPU.Build.0 = Debug|Any CPU
		{9F7341A1-41F2-EE4C-12DF-52A41B5BB06F}.Release|Any CPU.ActiveCfg = Release|Any CPU
		{9F7341A1-41F2-EE4C-12DF-52A41B5BB06F}.Release|Any CPU.Build.0 = Release|Any CPU
	EndGlobalSection
	GlobalSection(SolutionProperties) = preSolution
		HideSolutionNode = FALSE
	EndGlobalSection
	GlobalSection(ExtensibilityGlobals) = postSolution
		SolutionGuid = {839469C8-FB90-4CA9-A077-17F252B9BFE6}
	EndGlobalSection
EndGlobal
