Microsoft Visual Studio Solution File, Format Version 12.00
# Visual Studio Version 17
VisualStudioVersion = 17.5.2.0
MinimumVisualStudioVersion = 10.0.40219.1
Project("{FAE04EC0-301F-11D3-BF4B-00C04F79EFBC}") = "10_Arrar_Methods", "10_Arrar_Methods.csproj", "{138D7758-37BA-1FAB-36A3-64BC7973A114}"
EndProject
Global
	GlobalSection(SolutionConfigurationPlatforms) = preSolution
		Debug|Any CPU = Debug|Any CPU
		Release|Any CPU = Release|Any CPU
	EndGlobalSection
	GlobalSection(ProjectConfigurationPlatforms) = postSolution
		{138D7758-37BA-1FAB-36A3-64BC7973A114}.Debug|Any CPU.ActiveCfg = Debug|Any CPU
		{138D7758-37BA-1FAB-36A3-64BC7973A114}.Debug|Any CPU.Build.0 = Debug|Any CPU
		{138D7758-37BA-1FAB-36A3-64BC7973A114}.Release|Any CPU.ActiveCfg = Release|Any CPU
		{138D7758-37BA-1FAB-36A3-64BC7973A114}.Release|Any CPU.Build.0 = Release|Any CPU
	EndGlobalSection
	GlobalSection(SolutionProperties) = preSolution
		HideSolutionNode = FALSE
	EndGlobalSection
	GlobalSection(ExtensibilityGlobals) = postSolution
		SolutionGuid = {95F78B81-AFA4-41FD-84A7-EFCEE0ACB598}
	EndGlobalSection
EndGlobal
