Microsoft Visual Studio Solution File, Format Version 12.00
# Visual Studio Version 17
VisualStudioVersion = 17.5.2.0
MinimumVisualStudioVersion = 10.0.40219.1
Project("{FAE04EC0-301F-11D3-BF4B-00C04F79EFBC}") = "03_MathsC#", "03_MathsC#.csproj", "{9AAB1F38-9180-7D0B-5C78-6D3720CF87B3}"
EndProject
Global
	GlobalSection(SolutionConfigurationPlatforms) = preSolution
		Debug|Any CPU = Debug|Any CPU
		Release|Any CPU = Release|Any CPU
	EndGlobalSection
	GlobalSection(ProjectConfigurationPlatforms) = postSolution
		{9AAB1F38-9180-7D0B-5C78-6D3720CF87B3}.Debug|Any CPU.ActiveCfg = Debug|Any CPU
		{9AAB1F38-9180-7D0B-5C78-6D3720CF87B3}.Debug|Any CPU.Build.0 = Debug|Any CPU
		{9AAB1F38-9180-7D0B-5C78-6D3720CF87B3}.Release|Any CPU.ActiveCfg = Release|Any CPU
		{9AAB1F38-9180-7D0B-5C78-6D3720CF87B3}.Release|Any CPU.Build.0 = Release|Any CPU
	EndGlobalSection
	GlobalSection(SolutionProperties) = preSolution
		HideSolutionNode = FALSE
	EndGlobalSection
	GlobalSection(ExtensibilityGlobals) = postSolution
		SolutionGuid = {663BD139-3A1B-4AF0-BAD1-D8DA5FCEF48A}
	EndGlobalSection
EndGlobal
